PODS:
  - GKActionSheetPicker (0.2.3)
  - MSSTabbedPageViewController (0.3.4)
  - REFormattedNumberField (1.1.6)
  - RETableViewManager (1.7):
    - REFormattedNumberField (~> 1.1.5)
    - REValidation (~> 0.1.4)
  - REValidation (0.1.4)
  - SZLoadingTableViewController (0.1.1)

DEPENDENCIES:
  - GKActionSheetPicker
  - MSSTabbedPageViewController
  - RETableViewManager (~> 1.6)
  - SZLoadingTableViewController

SPEC CHECKSUMS:
  GKActionSheetPicker: f69f1dc0c14aa69183e8137ca9628cd4b0d53d80
  MSSTabbedPageViewController: 32c856ae0fa6b5b6fd1c770771ad10fe3f4fb615
  REFormattedNumberField: 70fc5fb1218ebd5ee9983820defd12806d5c6ec6
  RETableViewManager: 0f24d796c42c0890d38c79cc9aeb3871e186726e
  REValidation: 38c4de1be58455f8b00aab208ac80db316a66b7f
  SZLoadingTableViewController: 9e1a701bc5c81448f2899c416f36c95d84799ea6

PODFILE CHECKSUM: 72a64294dddca5698de32503fa183462ebc562d9

COCOAPODS: 1.0.1
